{
  "name": "study-guide-spanish-english",
  "version": "1.0.0",
  "lockfileVersion": 3,
  "requires": true,
  "packages": {
    "": {
      "name": "study-guide-spanish-english",
      "version": "1.0.0",
      "license": "ISC",
      "dependencies": {
        "spanish-english-json": "^1.0.3"
      }
    },
    "node_modules/spanish-english-json": {
      "version": "1.0.3",
      "resolved": "https://registry.npmjs.org/spanish-english-json/-/spanish-english-json-1.0.3.tgz",
      "integrity": "sha512-smm5AneRygebJfbuSsThZ35c9evJBqkrglwi5huuZAWqUbY/mdahV2L8Phw06oOH+1/xzEioUAmA/GmdH+CzXA=="
    }
  }
}
